// !$*UTF8*$!
{
	archiveVersion = 1;
	classes = {
	};
	objectVersion = 56;
	objects = {

/* Begin PBXBuildFile section */
		2B4E54D72B6A9637008F913B /* CVSProjectApp.swift in Sources */ = {isa = PBXBuildFile; fileRef = 2B4E54D62B6A9637008F913B /* CVSProjectApp.swift */; };
		2B4E54D92B6A9637008F913B /* ContentView.swift in Sources */ = {isa = PBXBuildFile; fileRef = 2B4E54D82B6A9637008F913B /* ContentView.swift */; };
		2B4E54DB2B6A9639008F913B /* Assets.xcassets in Resources */ = {isa = PBXBuildFile; fileRef = 2B4E54DA2B6A9639008F913B /* Assets.xcassets */; };
		2B4E54DE2B6A9639008F913B /* Preview Assets.xcassets in Resources */ = {isa = PBXBuildFile; fileRef = 2B4E54DD2B6A9639008F913B /* Preview Assets.xcassets */; };
		2B4E54E82B6A963A008F913B /* CVSProjectTests.swift in Sources */ = {isa = PBXBuildFile; fileRef = 2B4E54E72B6A963A008F913B /* CVSProjectTests.swift */; };
		2B4E54F22B6A963A008F913B /* CVSProjectUITests.swift in Sources */ = {isa = PBXBuildFile; fileRef = 2B4E54F12B6A963A008F913B /* CVSProjectUITests.swift */; };
		2B4E54F42B6A963A008F913B /* CVSProjectUITestsLaunchTests.swift in Sources */ = {isa = PBXBuildFile; fileRef = 2B4E54F32B6A963A008F913B /* CVSProjectUITestsLaunchTests.swift */; };
/* End PBXBuildFile section */

/* Begin PBXContainerItemProxy section */
		2B4E54E42B6A963A008F913B /* PBXContainerItemProxy */ = {
			isa = PBXContainerItemProxy;
			containerPortal = 2B4E54CB2B6A9637008F913B /* Project object */;
			proxyType = 1;
			remoteGlobalIDString = 2B4E54D22B6A9637008F913B;
			remoteInfo = CVSProject;
		};
		2B4E54EE2B6A963A008F913B /* PBXContainerItemProxy */ = {
			isa = PBXContainerItemProxy;
			containerPortal = 2B4E54CB2B6A9637008F913B /* Project object */;
			proxyType = 1;
			remoteGlobalIDString = 2B4E54D22B6A9637008F913B;
			remoteInfo = CVSProject;
		};
/* End PBXContainerItemProxy section */

/* Begin PBXFileReference section */
		2B4E54D32B6A9637008F913B /* CVSProject.app */ = {isa = PBXFileReference; explicitFileType = wrapper.application; includeInIndex = 0; path = CVSProject.app; sourceTree = BUILT_PRODUCTS_DIR; };
		2B4E54D62B6A9637008F913B /* CVSProjectApp.swift */ = {isa = PBXFileReference; lastKnownFileType = sourcecode.swift; path = CVSProjectApp.swift; sourceTree = "<group>"; };
		2B4E54D82B6A9637008F913B /* ContentView.swift */ = {isa = PBXFileReference; lastKnownFileType = sourcecode.swift; path = ContentView.swift; sourceTree = "<group>"; };
		2B4E54DA2B6A9639008F913B /* Assets.xcassets */ = {isa = PBXFileReference; lastKnownFileType = folder.assetcatalog; path = Assets.xcassets; sourceTree = "<group>"; };
		2B4E54DD2B6A9639008F913B /* Preview Assets.xcassets */ = {isa = PBXFileReference; lastKnownFileType = folder.assetcatalog; path = "Preview Assets.xcassets"; sourceTree = "<group>"; };
		2B4E54E32B6A963A008F913B /* CVSProjectTests.xctest */ = {isa = PBXFileReference; explicitFileType = wrapper.cfbundle; includeInIndex = 0; path = CVSProjectTests.xctest; sourceTree = BUILT_PRODUCTS_DIR; };
		2B4E54E72B6A963A008F913B /* CVSProjectTests.swift */ = {isa = PBXFileReference; lastKnownFileType = sourcecode.swift; path = CVSProjectTests.swift; sourceTree = "<group>"; };
		2B4E54ED2B6A963A008F913B /* CVSProjectUITests.xctest */ = {isa = PBXFileReference; explicitFileType = wrapper.cfbundle; includeInIndex = 0; path = CVSProjectUITests.xctest; sourceTree = BUILT_PRODUCTS_DIR; };
		2B4E54F12B6A963A008F913B /* CVSProjectUITests.swift */ = {isa = PBXFileReference; lastKnownFileType = sourcecode.swift; path = CVSProjectUITests.swift; sourceTree = "<group>"; };
		2B4E54F32B6A963A008F913B /* CVSProjectUITestsLaunchTests.swift */ = {isa = PBXFileReference; lastKnownFileType = sourcecode.swift; path = CVSProjectUITestsLaunchTests.swift; sourceTree = "<group>"; };
/* End PBXFileReference section */

/* Begin PBXFrameworksBuildPhase section */
		2B4E54D02B6A9637008F913B /* Frameworks */ = {
			isa = PBXFrameworksBuildPhase;
			buildActionMask = 2147483647;
			files = (
			);
			runOnlyForDeploymentPostprocessing = 0;
		};
		2B4E54E02B6A963A008F913B /* Frameworks */ = {
			isa = PBXFrameworksBuildPhase;
			buildActionMask = 2147483647;
			files = (
			);
			runOnlyForDeploymentPostprocessing = 0;
		};
		2B4E54EA2B6A963A008F913B /* Frameworks */ = {
			isa = PBXFrameworksBuildPhase;
			buildActionMask = 2147483647;
			files = (
			);
			runOnlyForDeploymentPostprocessing = 0;
		};
/* End PBXFrameworksBuildPhase section */

/* Begin PBXGroup section */
		2B4E54CA2B6A9637008F913B = {
			isa = PBXGroup;
			children = (
				2B4E54D52B6A9637008F913B /* CVSProject */,
				2B4E54E62B6A963A008F913B /* CVSProjectTests */,
				2B4E54F02B6A963A008F913B /* CVSProjectUITests */,
				2B4E54D42B6A9637008F913B /* Products */,
			);
			sourceTree = "<group>";
		};
		2B4E54D42B6A9637008F913B /* Products */ = {
			isa = PBXGroup;
			children = (
				2B4E54D32B6A9637008F913B /* CVSProject.app */,
				2B4E54E32B6A963A008F913B /* CVSProjectTests.xctest */,
				2B4E54ED2B6A963A008F913B /* CVSProjectUITests.xctest */,
			);
			name = Products;
			sourceTree = "<group>";
		};
		2B4E54D52B6A9637008F913B /* CVSProject */ = {
			isa = PBXGroup;
			children = (
				2B4E54D62B6A9637008F913B /* CVSProjectApp.swift */,
				2B4E54D82B6A9637008F913B /* ContentView.swift */,
				2B4E54DA2B6A9639008F913B /* Assets.xcassets */,
				2B4E54DC2B6A9639008F913B /* Preview Content */,
			);
			path = CVSProject;
			sourceTree = "<group>";
		};
		2B4E54DC2B6A9639008F913B /* Preview Content */ = {
			isa = PBXGroup;
			children = (
				2B4E54DD2B6A9639008F913B /* Preview Assets.xcassets */,
			);
			path = "Preview Content";
			sourceTree = "<group>";
		};
		2B4E54E62B6A963A008F913B /* CVSProjectTests */ = {
			isa = PBXGroup;
			children = (
				2B4E54E72B6A963A008F913B /* CVSProjectTests.swift */,
			);
			path = CVSProjectTests;
			sourceTree = "<group>";
		};
		2B4E54F02B6A963A008F913B /* CVSProjectUITests */ = {
			isa = PBXGroup;
			children = (
				2B4E54F12B6A963A008F913B /* CVSProjectUITests.swift */,
				2B4E54F32B6A963A008F913B /* CVSProjectUITestsLaunchTests.swift */,
			);
			path = CVSProjectUITests;
			sourceTree = "<group>";
		};
/* End PBXGroup section */

/* Begin PBXNativeTarget section */
		2B4E54D22B6A9637008F913B /* CVSProject */ = {
			isa = PBXNativeTarget;
			buildConfigurationList = 2B4E54F72B6A963A008F913B /* Build configuration list for PBXNativeTarget "CVSProject" */;
			buildPhases = (
				2B4E54CF2B6A9637008F913B /* Sources */,
				2B4E54D02B6A9637008F913B /* Frameworks */,
				2B4E54D12B6A9637008F913B /* Resources */,
			);
			buildRules = (
			);
			dependencies = (
			);
			name = CVSProject;
			productName = CVSProject;
			productReference = 2B4E54D32B6A9637008F913B /* CVSProject.app */;
			productType = "com.apple.product-type.application";
		};
		2B4E54E22B6A963A008F913B /* CVSProjectTests */ = {
			isa = PBXNativeTarget;
			buildConfigurationList = 2B4E54FA2B6A963A008F913B /* Build configuration list for PBXNativeTarget "CVSProjectTests" */;
			buildPhases = (
				2B4E54DF2B6A963A008F913B /* Sources */,
				2B4E54E02B6A963A008F913B /* Frameworks */,
				2B4E54E12B6A963A008F913B /* Resources */,
			);
			buildRules = (
			);
			dependencies = (
				2B4E54E52B6A963A008F913B /* PBXTargetDependency */,
			);
			name = CVSProjectTests;
			productName = CVSProjectTests;
			productReference = 2B4E54E32B6A963A008F913B /* CVSProjectTests.xctest */;
			productType = "com.apple.product-type.bundle.unit-test";
		};
		2B4E54EC2B6A963A008F913B /* CVSProjectUITests */ = {
			isa = PBXNativeTarget;
			buildConfigurationList = 2B4E54FD2B6A963A008F913B /* Build configuration list for PBXNativeTarget "CVSProjectUITests" */;
			buildPhases = (
				2B4E54E92B6A963A008F913B /* Sources */,
				2B4E54EA2B6A963A008F913B /* Frameworks */,
				2B4E54EB2B6A963A008F913B /* Resources */,
			);
			buildRules = (
			);
			dependencies = (
				2B4E54EF2B6A963A008F913B /* PBXTargetDependency */,
			);
			name = CVSProjectUITests;
			productName = CVSProjectUITests;
			productReference = 2B4E54ED2B6A963A008F913B /* CVSProjectUITests.xctest */;
			productType = "com.apple.product-type.bundle.ui-testing";
		};
/* End PBXNativeTarget section */

/* Begin PBXProject section */
		2B4E54CB2B6A9637008F913B /* Project object */ = {
			isa = PBXProject;
			attributes = {
				BuildIndependentTargetsInParallel = 1;
				LastSwiftUpdateCheck = 1520;
				LastUpgradeCheck = 1520;
				TargetAttributes = {
					2B4E54D22B6A9637008F913B = {
						CreatedOnToolsVersion = 15.2;
					};
					2B4E54E22B6A963A008F913B = {
						CreatedOnToolsVersion = 15.2;
						TestTargetID = 2B4E54D22B6A9637008F913B;
					};
					2B4E54EC2B6A963A008F913B = {
						CreatedOnToolsVersion = 15.2;
						TestTargetID = 2B4E54D22B6A9637008F913B;
					};
				};
			};
			buildConfigurationList = 2B4E54CE2B6A9637008F913B /* Build configuration list for PBXProject "CVSProject" */;
			compatibilityVersion = "Xcode 14.0";
			developmentRegion = en;
			hasScannedForEncodings = 0;
			knownRegions = (
				en,
				Base,
			);
			mainGroup = 2B4E54CA2B6A9637008F913B;
			productRefGroup = 2B4E54D42B6A9637008F913B /* Products */;
			projectDirPath = "";
			projectRoot = "";
			targets = (
				2B4E54D22B6A9637008F913B /* CVSProject */,
				2B4E54E22B6A963A008F913B /* CVSProjectTests */,
				2B4E54EC2B6A963A008F913B /* CVSProjectUITests */,
			);
		};
/* End PBXProject section */

/* Begin PBXResourcesBuildPhase section */
		2B4E54D12B6A9637008F913B /* Resources */ = {
			isa = PBXResourcesBuildPhase;
			buildActionMask = 2147483647;
			files = (
				2B4E54DE2B6A9639008F913B /* Preview Assets.xcassets in Resources */,
				2B4E54DB2B6A9639008F913B /* Assets.xcassets in Resources */,
			);
			runOnlyForDeploymentPostprocessing = 0;
		};
		2B4E54E12B6A963A008F913B /* Resources */ = {
			isa = PBXResourcesBuildPhase;
			buildActionMask = 2147483647;
			files = (
			);
			runOnlyForDeploymentPostprocessing = 0;
		};
		2B4E54EB2B6A963A008F913B /* Resources */ = {
			isa = PBXResourcesBuildPhase;
			buildActionMask = 2147483647;
			files = (
			);
			runOnlyForDeploymentPostprocessing = 0;
		};
/* End PBXResourcesBuildPhase section */

/* Begin PBXSourcesBuildPhase section */
		2B4E54CF2B6A9637008F913B /* Sources */ = {
			isa = PBXSourcesBuildPhase;
			buildActionMask = 2147483647;
			files = (
				2B4E54D92B6A9637008F913B /* ContentView.swift in Sources */,
				2B4E54D72B6A9637008F913B /* CVSProjectApp.swift in Sources */,
			);
			runOnlyForDeploymentPostprocessing = 0;
		};
		2B4E54DF2B6A963A008F913B /* Sources */ = {
			isa = PBXSourcesBuildPhase;
			buildActionMask = 2147483647;
			files = (
				2B4E54E82B6A963A008F913B /* CVSProjectTests.swift in Sources */,
			);
			runOnlyForDeploymentPostprocessing = 0;
		};
		2B4E54E92B6A963A008F913B /* Sources */ = {
			isa = PBXSourcesBuildPhase;
			buildActionMask = 2147483647;
			files = (
				2B4E54F22B6A963A008F913B /* CVSProjectUITests.swift in Sources */,
				2B4E54F42B6A963A008F913B /* CVSProjectUITestsLaunchTests.swift in Sources */,
			);
			runOnlyForDeploymentPostprocessing = 0;
		};
/* End PBXSourcesBuildPhase section */

/* Begin PBXTargetDependency section */
		2B4E54E52B6A963A008F913B /* PBXTargetDependency */ = {
			isa = PBXTargetDependency;
			target = 2B4E54D22B6A9637008F913B /* CVSProject */;
			targetProxy = 2B4E54E42B6A963A008F913B /* PBXContainerItemProxy */;
		};
		2B4E54EF2B6A963A008F913B /* PBXTargetDependency */ = {
			isa = PBXTargetDependency;
			target = 2B4E54D22B6A9637008F913B /* CVSProject */;
			targetProxy = 2B4E54EE2B6A963A008F913B /* PBXContainerItemProxy */;
		};
/* End PBXTargetDependency section */

/* Begin XCBuildConfiguration section */
		2B4E54F52B6A963A008F913B /* Debug */ = {
			isa = XCBuildConfiguration;
			buildSettings = {
				ALWAYS_SEARCH_USER_PATHS = NO;
				ASSETCATALOG_COMPILER_GENERATE_SWIFT_ASSET_SYMBOL_EXTENSIONS = YES;
				CLANG_ANALYZER_NONNULL = YES;
				CLANG_ANALYZER_NUMBER_OBJECT_CONVERSION = YES_AGGRESSIVE;
				CLANG_CXX_LANGUAGE_STANDARD = "gnu++20";
				CLANG_ENABLE_MODULES = YES;
				CLANG_ENABLE_OBJC_ARC = YES;
				CLANG_ENABLE_OBJC_WEAK = YES;
				CLANG_WARN_BLOCK_CAPTURE_AUTORELEASING = YES;
				CLANG_WARN_BOOL_CONVERSION = YES;
				CLANG_WARN_COMMA = YES;
				CLANG_WARN_CONSTANT_CONVERSION = YES;
				CLANG_WARN_DEPRECATED_OBJC_IMPLEMENTATIONS = YES;
				CLANG_WARN_DIRECT_OBJC_ISA_USAGE = YES_ERROR;
				CLANG_WARN_DOCUMENTATION_COMMENTS = YES;
				CLANG_WARN_EMPTY_BODY = YES;
				CLANG_WARN_ENUM_CONVERSION = YES;
				CLANG_WARN_INFINITE_RECURSION = YES;
				CLANG_WARN_INT_CONVERSION = YES;
				CLANG_WARN_NON_LITERAL_NULL_CONVERSION = YES;
				CLANG_WARN_OBJC_IMPLICIT_RETAIN_SELF = YES;
				CLANG_WARN_OBJC_LITERAL_CONVERSION = YES;
				CLANG_WARN_OBJC_ROOT_CLASS = YES_ERROR;
				CLANG_WARN_QUOTED_INCLUDE_IN_FRAMEWORK_HEADER = YES;
				CLANG_WARN_RANGE_LOOP_ANALYSIS = YES;
				CLANG_WARN_STRICT_PROTOTYPES = YES;
				CLANG_WARN_SUSPICIOUS_MOVE = YES;
				CLANG_WARN_UNGUARDED_AVAILABILITY = YES_AGGRESSIVE;
				CLANG_WARN_UNREACHABLE_CODE = YES;
				CLANG_WARN__DUPLICATE_METHOD_MATCH = YES;
				COPY_PHASE_STRIP = NO;
				DEBUG_INFORMATION_FORMAT = dwarf;
				ENABLE_STRICT_OBJC_MSGSEND = YES;
				ENABLE_TESTABILITY = YES;
				ENABLE_USER_SCRIPT_SANDBOXING = YES;
				GCC_C_LANGUAGE_STANDARD = gnu17;
				GCC_DYNAMIC_NO_PIC = NO;
				GCC_NO_COMMON_BLOCKS = YES;
				GCC_OPTIMIZATION_LEVEL = 0;
				GCC_PREPROCESSOR_DEFINITIONS = (
					"DEBUG=1",
					"$(inherited)",
				);
				GCC_WARN_64_TO_32_BIT_CONVERSION = YES;
				GCC_WARN_ABOUT_RETURN_TYPE = YES_ERROR;
				GCC_WARN_UNDECLARED_SELECTOR = YES;
				GCC_WARN_UNINITIALIZED_AUTOS = YES_AGGRESSIVE;
				GCC_WARN_UNUSED_FUNCTION = YES;
				GCC_WARN_UNUSED_VARIABLE = YES;
				IPHONEOS_DEPLOYMENT_TARGET = 17.2;
				LOCALIZATION_PREFERS_STRING_CATALOGS = YES;
				MTL_ENABLE_DEBUG_INFO = INCLUDE_SOURCE;
				MTL_FAST_MATH = YES;
				ONLY_ACTIVE_ARCH = YES;
				SDKROOT = iphoneos;
				SWIFT_ACTIVE_COMPILATION_CONDITIONS = "DEBUG $(inherited)";
				SWIFT_OPTIMIZATION_LEVEL = "-Onone";
			};
			name = Debug;
		};
		2B4E54F62B6A963A008F913B /* Release */ = {
			isa = XCBuildConfiguration;
			buildSettings = {
				ALWAYS_SEARCH_USER_PATHS = NO;
				ASSETCATALOG_COMPILER_GENERATE_SWIFT_ASSET_SYMBOL_EXTENSIONS = YES;
				CLANG_ANALYZER_NONNULL = YES;
				CLANG_ANALYZER_NUMBER_OBJECT_CONVERSION = YES_AGGRESSIVE;
				CLANG_CXX_LANGUAGE_STANDARD = "gnu++20";
				CLANG_ENABLE_MODULES = YES;
				CLANG_ENABLE_OBJC_ARC = YES;
				CLANG_ENABLE_OBJC_WEAK = YES;
				CLANG_WARN_BLOCK_CAPTURE_AUTORELEASING = YES;
				CLANG_WARN_BOOL_CONVERSION = YES;
				CLANG_WARN_COMMA = YES;
				CLANG_WARN_CONSTANT_CONVERSION = YES;
				CLANG_WARN_DEPRECATED_OBJC_IMPLEMENTATIONS = YES;
				CLANG_WARN_DIRECT_OBJC_ISA_USAGE = YES_ERROR;
				CLANG_WARN_DOCUMENTATION_COMMENTS = YES;
				CLANG_WARN_EMPTY_BODY = YES;
				CLANG_WARN_ENUM_CONVERSION = YES;
				CLANG_WARN_INFINITE_RECURSION = YES;
				CLANG_WARN_INT_CONVERSION = YES;
				CLANG_WARN_NON_LITERAL_NULL_CONVERSION = YES;
				CLANG_WARN_OBJC_IMPLICIT_RETAIN_SELF = YES;
				CLANG_WARN_OBJC_LITERAL_CONVERSION = YES;
				CLANG_WARN_OBJC_ROOT_CLASS = YES_ERROR;
				CLANG_WARN_QUOTED_INCLUDE_IN_FRAMEWORK_HEADER = YES;
				CLANG_WARN_RANGE_LOOP_ANALYSIS = YES;
				CLANG_WARN_STRICT_PROTOTYPES = YES;
				CLANG_WARN_SUSPICIOUS_MOVE = YES;
				CLANG_WARN_UNGUARDED_AVAILABILITY = YES_AGGRESSIVE;
				CLANG_WARN_UNREACHABLE_CODE = YES;
				CLANG_WARN__DUPLICATE_METHOD_MATCH = YES;
				COPY_PHASE_STRIP = NO;
				DEBUG_INFORMATION_FORMAT = "dwarf-with-dsym";
				ENABLE_NS_ASSERTIONS = NO;
				ENABLE_STRICT_OBJC_MSGSEND = YES;
				ENABLE_USER_SCRIPT_SANDBOXING = YES;
				GCC_C_LANGUAGE_STANDARD = gnu17;
				GCC_NO_COMMON_BLOCKS = YES;
				GCC_WARN_64_TO_32_BIT_CONVERSION = YES;
				GCC_WARN_ABOUT_RETURN_TYPE = YES_ERROR;
				GCC_WARN_UNDECLARED_SELECTOR = YES;
				GCC_WARN_UNINITIALIZED_AUTOS = YES_AGGRESSIVE;
				GCC_WARN_UNUSED_FUNCTION = YES;
				GCC_WARN_UNUSED_VARIABLE = YES;
				IPHONEOS_DEPLOYMENT_TARGET = 17.2;
				LOCALIZATION_PREFERS_STRING_CATALOGS = YES;
				MTL_ENABLE_DEBUG_INFO = NO;
				MTL_FAST_MATH = YES;
				SDKROOT = iphoneos;
				SWIFT_COMPILATION_MODE = wholemodule;
				VALIDATE_PRODUCT = YES;
			};
			name = Release;
		};
		2B4E54F82B6A963A008F913B /* Debug */ = {
			isa = XCBuildConfiguration;
			buildSettings = {
				ASSETCATALOG_COMPILER_APPICON_NAME = AppIcon;
				ASSETCATALOG_COMPILER_GLOBAL_ACCENT_COLOR_NAME = AccentColor;
				CODE_SIGN_STYLE = Automatic;
				CURRENT_PROJECT_VERSION = 1;
				DEVELOPMENT_ASSET_PATHS = "\"CVSProject/Preview Content\"";
				DEVELOPMENT_TEAM = RJ3H4WLH5D;
				ENABLE_PREVIEWS = YES;
				GENERATE_INFOPLIST_FILE = YES;
				INFOPLIST_KEY_UIApplicationSceneManifest_Generation = YES;
				INFOPLIST_KEY_UIApplicationSupportsIndirectInputEvents = YES;
				INFOPLIST_KEY_UILaunchScreen_Generation = YES;
				INFOPLIST_KEY_UISupportedInterfaceOrientations_iPad = "UIInterfaceOrientationPortrait UIInterfaceOrientationPortraitUpsideDown UIInterfaceOrientationLandscapeLeft UIInterfaceOrientationLandscapeRight";
				INFOPLIST_KEY_UISupportedInterfaceOrientations_iPhone = "UIInterfaceOrientationPortrait UIInterfaceOrientationLandscapeLeft UIInterfaceOrientationLandscapeRight";
				LD_RUNPATH_SEARCH_PATHS = (
					"$(inherited)",
					"@executable_path/Frameworks",
				);
				MARKETING_VERSION = 1.0;
				PRODUCT_BUNDLE_IDENTIFIER = com.jael.CVSProject;
				PRODUCT_NAME = "$(TARGET_NAME)";
				SWIFT_EMIT_LOC_STRINGS = YES;
				SWIFT_VERSION = 5.0;
				TARGETED_DEVICE_FAMILY = "1,2";
			};
			name = Debug;
		};
		2B4E54F92B6A963A008F913B /* Release */ = {
			isa = XCBuildConfiguration;
			buildSettings = {
				ASSETCATALOG_COMPILER_APPICON_NAME = AppIcon;
				ASSETCATALOG_COMPILER_GLOBAL_ACCENT_COLOR_NAME = AccentColor;
				CODE_SIGN_STYLE = Automatic;
				CURRENT_PROJECT_VERSION = 1;
				DEVELOPMENT_ASSET_PATHS = "\"CVSProject/Preview Content\"";
				DEVELOPMENT_TEAM = RJ3H4WLH5D;
				ENABLE_PREVIEWS = YES;
				GENERATE_INFOPLIST_FILE = YES;
				INFOPLIST_KEY_UIApplicationSceneManifest_Generation = YES;
				INFOPLIST_KEY_UIApplicationSupportsIndirectInputEvents = YES;
				INFOPLIST_KEY_UILaunchScreen_Generation = YES;
				INFOPLIST_KEY_UISupportedInterfaceOrientations_iPad = "UIInterfaceOrientationPortrait UIInterfaceOrientationPortraitUpsideDown UIInterfaceOrientationLandscapeLeft UIInterfaceOrientationLandscapeRight";
				INFOPLIST_KEY_UISupportedInterfaceOrientations_iPhone = "UIInterfaceOrientationPortrait UIInterfaceOrientationLandscapeLeft UIInterfaceOrientationLandscapeRight";
				LD_RUNPATH_SEARCH_PATHS = (
					"$(inherited)",
					"@executable_path/Frameworks",
				);
				MARKETING_VERSION = 1.0;
				PRODUCT_BUNDLE_IDENTIFIER = com.jael.CVSProject;
				PRODUCT_NAME = "$(TARGET_NAME)";
				SWIFT_EMIT_LOC_STRINGS = YES;
				SWIFT_VERSION = 5.0;
				TARGETED_DEVICE_FAMILY = "1,2";
			};
			name = Release;
		};
		2B4E54FB2B6A963A008F913B /* Debug */ = {
			isa = XCBuildConfiguration;
			buildSettings = {
				ALWAYS_EMBED_SWIFT_STANDARD_LIBRARIES = YES;
				BUNDLE_LOADER = "$(TEST_HOST)";
				CODE_SIGN_STYLE = Automatic;
				CURRENT_PROJECT_VERSION = 1;
				DEVELOPMENT_TEAM = RJ3H4WLH5D;
				GENERATE_INFOPLIST_FILE = YES;
				IPHONEOS_DEPLOYMENT_TARGET = 17.2;
				MARKETING_VERSION = 1.0;
				PRODUCT_BUNDLE_IDENTIFIER = com.jael.CVSProjectTests;
				PRODUCT_NAME = "$(TARGET_NAME)";
				SWIFT_EMIT_LOC_STRINGS = NO;
				SWIFT_VERSION = 5.0;
				TARGETED_DEVICE_FAMILY = "1,2";
				TEST_HOST = "$(BUILT_PRODUCTS_DIR)/CVSProject.app/$(BUNDLE_EXECUTABLE_FOLDER_PATH)/CVSProject";
			};
			name = Debug;
		};
		2B4E54FC2B6A963A008F913B /* Release */ = {
			isa = XCBuildConfiguration;
			buildSettings = {
				ALWAYS_EMBED_SWIFT_STANDARD_LIBRARIES = YES;
				BUNDLE_LOADER = "$(TEST_HOST)";
				CODE_SIGN_STYLE = Automatic;
				CURRENT_PROJECT_VERSION = 1;
				DEVELOPMENT_TEAM = RJ3H4WLH5D;
				GENERATE_INFOPLIST_FILE = YES;
				IPHONEOS_DEPLOYMENT_TARGET = 17.2;
				MARKETING_VERSION = 1.0;
				PRODUCT_BUNDLE_IDENTIFIER = com.jael.CVSProjectTests;
				PRODUCT_NAME = "$(TARGET_NAME)";
				SWIFT_EMIT_LOC_STRINGS = NO;
				SWIFT_VERSION = 5.0;
				TARGETED_DEVICE_FAMILY = "1,2";
				TEST_HOST = "$(BUILT_PRODUCTS_DIR)/CVSProject.app/$(BUNDLE_EXECUTABLE_FOLDER_PATH)/CVSProject";
			};
			name = Release;
		};
		2B4E54FE2B6A963A008F913B /* Debug */ = {
			isa = XCBuildConfiguration;
			buildSettings = {
				ALWAYS_EMBED_SWIFT_STANDARD_LIBRARIES = YES;
				CODE_SIGN_STYLE = Automatic;
				CURRENT_PROJECT_VERSION = 1;
				DEVELOPMENT_TEAM = RJ3H4WLH5D;
				GENERATE_INFOPLIST_FILE = YES;
				MARKETING_VERSION = 1.0;
				PRODUCT_BUNDLE_IDENTIFIER = com.jael.CVSProjectUITests;
				PRODUCT_NAME = "$(TARGET_NAME)";
				SWIFT_EMIT_LOC_STRINGS = NO;
				SWIFT_VERSION = 5.0;
				TARGETED_DEVICE_FAMILY = "1,2";
				TEST_TARGET_NAME = CVSProject;
			};
			name = Debug;
		};
		2B4E54FF2B6A963A008F913B /* Release */ = {
			isa = XCBuildConfiguration;
			buildSettings = {
				ALWAYS_EMBED_SWIFT_STANDARD_LIBRARIES = YES;
				CODE_SIGN_STYLE = Automatic;
				CURRENT_PROJECT_VERSION = 1;
				DEVELOPMENT_TEAM = RJ3H4WLH5D;
				GENERATE_INFOPLIST_FILE = YES;
				MARKETING_VERSION = 1.0;
				PRODUCT_BUNDLE_IDENTIFIER = com.jael.CVSProjectUITests;
				PRODUCT_NAME = "$(TARGET_NAME)";
				SWIFT_EMIT_LOC_STRINGS = NO;
				SWIFT_VERSION = 5.0;
				TARGETED_DEVICE_FAMILY = "1,2";
				TEST_TARGET_NAME = CVSProject;
			};
			name = Release;
		};
/* End XCBuildConfiguration section */

/* Begin XCConfigurationList section */
		2B4E54CE2B6A9637008F913B /* Build configuration list for PBXProject "CVSProject" */ = {
			isa = XCConfigurationList;
			buildConfigurations = (
				2B4E54F52B6A963A008F913B /* Debug */,
				2B4E54F62B6A963A008F913B /* Release */,
			);
			defaultConfigurationIsVisible = 0;
			defaultConfigurationName = Release;
		};
		2B4E54F72B6A963A008F913B /* Build configuration list for PBXNativeTarget "CVSProject" */ = {
			isa = XCConfigurationList;
			buildConfigurations = (
				2B4E54F82B6A963A008F913B /* Debug */,
				2B4E54F92B6A963A008F913B /* Release */,
			);
			defaultConfigurationIsVisible = 0;
			defaultConfigurationName = Release;
		};
		2B4E54FA2B6A963A008F913B /* Build configuration list for PBXNativeTarget "CVSProjectTests" */ = {
			isa = XCConfigurationList;
			buildConfigurations = (
				2B4E54FB2B6A963A008F913B /* Debug */,
				2B4E54FC2B6A963A008F913B /* Release */,
			);
			defaultConfigurationIsVisible = 0;
			defaultConfigurationName = Release;
		};
		2B4E54FD2B6A963A008F913B /* Build configuration list for PBXNativeTarget "CVSProjectUITests" */ = {
			isa = XCConfigurationList;
			buildConfigurations = (
				2B4E54FE2B6A963A008F913B /* Debug */,
				2B4E54FF2B6A963A008F913B /* Release */,
			);
			defaultConfigurationIsVisible = 0;
			defaultConfigurationName = Release;
		};
/* End XCConfigurationList section */
	};
	rootObject = 2B4E54CB2B6A9637008F913B /* Project object */;
}
